
Microsoft Visual Studio Solution File, Format Version 12.00
# Visual Studio 2013
VisualStudioVersion = 12.0.40629.0
MinimumVisualStudioVersion = 10.0.40219.1
Project("{FAE04EC0-301F-11D3-BF4B-00C04F79EFBC}") = "LogAcessoDemo.App.Dominio", "app\LogAcessoDemo.App.Dominio\LogAcessoDemo.App.Dominio.csproj", "{1337E287-E26C-4B73-814D-AA2C989B5897}"
EndProject
Project("{FAE04EC0-301F-11D3-BF4B-00C04F79EFBC}") = "LogAcessoDemo.Test.Dominio", "Test\LogAcessoDemo.Test.Dominio\LogAcessoDemo.Test.Dominio.csproj", "{6FA58464-ECC6-4432-9DCB-C977CEED09B9}"
EndProject
Project("{2150E333-8FDC-42A3-9474-1A3956D46DE8}") = "Dominio", "Dominio", "{66BAC68C-4588-4003-8A8E-D8E19304195E}"
EndProject
Project("{2150E333-8FDC-42A3-9474-1A3956D46DE8}") = "Interface Usuário", "Interface Usuário", "{03679003-4774-4181-85DC-6C09D20F4EE1}"
EndProject
Project("{FAE04EC0-301F-11D3-BF4B-00C04F79EFBC}") = "LogAcessoDemo.App.UI.WebMVC", "app\LogAcessoDemo.App.UI.WebMVC\LogAcessoDemo.App.UI.WebMVC.csproj", "{B70A81BD-2CF9-4EFE-9725-F3A4AA696C6D}"
EndProject
Global
	GlobalSection(SolutionConfigurationPlatforms) = preSolution
		Debug|Any CPU = Debug|Any CPU
		Release|Any CPU = Release|Any CPU
	EndGlobalSection
	GlobalSection(ProjectConfigurationPlatforms) = postSolution
		{1337E287-E26C-4B73-814D-AA2C989B5897}.Debug|Any CPU.ActiveCfg = Debug|Any CPU
		{1337E287-E26C-4B73-814D-AA2C989B5897}.Debug|Any CPU.Build.0 = Debug|Any CPU
		{1337E287-E26C-4B73-814D-AA2C989B5897}.Release|Any CPU.ActiveCfg = Release|Any CPU
		{1337E287-E26C-4B73-814D-AA2C989B5897}.Release|Any CPU.Build.0 = Release|Any CPU
		{6FA58464-ECC6-4432-9DCB-C977CEED09B9}.Debug|Any CPU.ActiveCfg = Debug|Any CPU
		{6FA58464-ECC6-4432-9DCB-C977CEED09B9}.Debug|Any CPU.Build.0 = Debug|Any CPU
		{6FA58464-ECC6-4432-9DCB-C977CEED09B9}.Release|Any CPU.ActiveCfg = Release|Any CPU
		{6FA58464-ECC6-4432-9DCB-C977CEED09B9}.Release|Any CPU.Build.0 = Release|Any CPU
		{B70A81BD-2CF9-4EFE-9725-F3A4AA696C6D}.Debug|Any CPU.ActiveCfg = Debug|Any CPU
		{B70A81BD-2CF9-4EFE-9725-F3A4AA696C6D}.Debug|Any CPU.Build.0 = Debug|Any CPU
		{B70A81BD-2CF9-4EFE-9725-F3A4AA696C6D}.Release|Any CPU.ActiveCfg = Release|Any CPU
		{B70A81BD-2CF9-4EFE-9725-F3A4AA696C6D}.Release|Any CPU.Build.0 = Release|Any CPU
	EndGlobalSection
	GlobalSection(SolutionProperties) = preSolution
		HideSolutionNode = FALSE
	EndGlobalSection
	GlobalSection(NestedProjects) = preSolution
		{1337E287-E26C-4B73-814D-AA2C989B5897} = {66BAC68C-4588-4003-8A8E-D8E19304195E}
		{6FA58464-ECC6-4432-9DCB-C977CEED09B9} = {66BAC68C-4588-4003-8A8E-D8E19304195E}
		{B70A81BD-2CF9-4EFE-9725-F3A4AA696C6D} = {03679003-4774-4181-85DC-6C09D20F4EE1}
	EndGlobalSection
EndGlobal
