
Microsoft Visual Studio Solution File, Format Version 12.00
# Visual Studio 2013
VisualStudioVersion = 12.0.40629.0
MinimumVisualStudioVersion = 10.0.40219.1
Project("{FAE04EC0-301F-11D3-BF4B-00C04F79EFBC}") = "LogAcessoDemo.App.Dominio", "app\LogAcessoDemo.App.Dominio\LogAcessoDemo.App.Dominio.csproj", "{1337E287-E26C-4B73-814D-AA2C989B5897}"
EndProject
Project("{FAE04EC0-301F-11D3-BF4B-00C04F79EFBC}") = "LogAcessoDemo.Test.Dominio", "Test\LogAcessoDemo.Test.Dominio\LogAcessoDemo.Test.Dominio.csproj", "{6FA58464-ECC6-4432-9DCB-C977CEED09B9}"
EndProject
Global
	GlobalSection(SolutionConfigurationPlatforms) = preSolution
		Debug|Any CPU = Debug|Any CPU
		Release|Any CPU = Release|Any CPU
	EndGlobalSection
	GlobalSection(ProjectConfigurationPlatforms) = postSolution
		{1337E287-E26C-4B73-814D-AA2C989B5897}.Debug|Any CPU.ActiveCfg = Debug|Any CPU
		{1337E287-E26C-4B73-814D-AA2C989B5897}.Debug|Any CPU.Build.0 = Debug|Any CPU
		{1337E287-E26C-4B73-814D-AA2C989B5897}.Release|Any CPU.ActiveCfg = Release|Any CPU
		{1337E287-E26C-4B73-814D-AA2C989B5897}.Release|Any CPU.Build.0 = Release|Any CPU
		{6FA58464-ECC6-4432-9DCB-C977CEED09B9}.Debug|Any CPU.ActiveCfg = Debug|Any CPU
		{6FA58464-ECC6-4432-9DCB-C977CEED09B9}.Debug|Any CPU.Build.0 = Debug|Any CPU
		{6FA58464-ECC6-4432-9DCB-C977CEED09B9}.Release|Any CPU.ActiveCfg = Release|Any CPU
		{6FA58464-ECC6-4432-9DCB-C977CEED09B9}.Release|Any CPU.Build.0 = Release|Any CPU
	EndGlobalSection
	GlobalSection(SolutionProperties) = preSolution
		HideSolutionNode = FALSE
	EndGlobalSection
EndGlobal
